PODS:
  - Alamofire (4.8.1)
  - JGProgressHUD (2.0.3)
  - Moya (12.0.1):
    - Moya/Core (= 12.0.1)
  - Moya-ObjectMapper (2.8):
    - Moya-ObjectMapper/Core (= 2.8)
  - Moya-ObjectMapper/Core (2.8):
    - Moya (~> 12.0)
    - ObjectMapper (~> 3.4)
  - Moya-ObjectMapper/RxSwift (2.8):
    - Moya-ObjectMapper/Core
    - Moya/RxSwift
    - RxSwift (~> 4)
  - Moya/Core (12.0.1):
    - Alamofire (~> 4.1)
    - Result (~> 4.0)
  - Moya/RxSwift (12.0.1):
    - Moya/Core
    - RxSwift (~> 4.0)
  - ObjectMapper (3.4.2)
  - R.swift (5.0.2):
    - R.swift.Library (~> 5.0.0)
  - R.swift.Library (5.0.0)
  - Result (4.1.0)
  - RxAtomic (4.4.0)
  - RxSwift (4.4.0):
    - RxAtomic (~> 4.4)
  - SDWebImage (4.4.4):
    - SDWebImage/Core (= 4.4.4)
  - SDWebImage/Core (4.4.4)

DEPENDENCIES:
  - JGProgressHUD
  - Moya
  - Moya-ObjectMapper
  - Moya-ObjectMapper/RxSwift
  - Moya/RxSwift
  - R.swift
  - RxSwift
  - SDWebImage

SPEC REPOS:
  https://github.com/cocoapods/specs.git:
    - Alamofire
    - JGProgressHUD
    - Moya
    - Moya-ObjectMapper
    - ObjectMapper
    - R.swift
    - R.swift.Library
    - Result
    - RxAtomic
    - RxSwift
    - SDWebImage

SPEC CHECKSUMS:
  Alamofire: 16ce2c353fb72865124ddae8a57c5942388f4f11
  JGProgressHUD: 12b20a8f4ffe05258f8635c1ab92816e451f904d
  Moya: cf730b3cd9e005401ef37a85143aa141a12fd38f
  Moya-ObjectMapper: c514b5eafcfd5e260f85f7a5bf66895a217e2b37
  ObjectMapper: 0d4402610f4e468903ae64629eec4784531e5c51
  R.swift: 81455d81467763cbd3f4d79d938d05f4ac4c0228
  R.swift.Library: 0bf390e729bc10bb2c9e4fb78bd043164a7be4ff
  Result: bd966fac789cc6c1563440b348ab2598cc24d5c7
  RxAtomic: eacf60db868c96bfd63320e28619fe29c179656f
  RxSwift: 5976ecd04fc2fefd648827c23de5e11157faa973
  SDWebImage: c00ec18ab25d10e5ffac109b0f78d1b4341c9691

PODFILE CHECKSUM: 089541681be222dbf77c90acd7aa7c7436f2fb4d

COCOAPODS: 1.6.0
